
Microsoft Visual Studio Solution File, Format Version 12.00
# Visual Studio Version 17
VisualStudioVersion = 17.0.32014.148
MinimumVisualStudioVersion = 10.0.40219.1
Project("{9A19103F-16F7-4668-BE54-9A1E7A4F7556}") = "CrawlerDemo", "CrawlerDemo\CrawlerDemo.csproj", "{972C6B58-2592-445E-84A2-18B3EC7ACA61}"
EndProject
Project("{FAE04EC0-301F-11D3-BF4B-00C04F79EFBC}") = "Crawler.Presentation", "Crawler.Presentation\Crawler.Presentation.csproj", "{156638E3-ECFB-4A66-A546-F6F1AF5D0A53}"
EndProject
Project("{FAE04EC0-301F-11D3-BF4B-00C04F79EFBC}") = "Crawler.Core", "Crawler.Core\Crawler.Core.csproj", "{216888D1-C1A2-48F7-B5F8-0E182DF22546}"
EndProject
Global
	GlobalSection(SolutionConfigurationPlatforms) = preSolution
		Debug|Any CPU = Debug|Any CPU
		Release|Any CPU = Release|Any CPU
	EndGlobalSection
	GlobalSection(ProjectConfigurationPlatforms) = postSolution
		{972C6B58-2592-445E-84A2-18B3EC7ACA61}.Debug|Any CPU.ActiveCfg = Debug|Any CPU
		{972C6B58-2592-445E-84A2-18B3EC7ACA61}.Debug|Any CPU.Build.0 = Debug|Any CPU
		{972C6B58-2592-445E-84A2-18B3EC7ACA61}.Release|Any CPU.ActiveCfg = Release|Any CPU
		{972C6B58-2592-445E-84A2-18B3EC7ACA61}.Release|Any CPU.Build.0 = Release|Any CPU
		{156638E3-ECFB-4A66-A546-F6F1AF5D0A53}.Debug|Any CPU.ActiveCfg = Debug|Any CPU
		{156638E3-ECFB-4A66-A546-F6F1AF5D0A53}.Debug|Any CPU.Build.0 = Debug|Any CPU
		{156638E3-ECFB-4A66-A546-F6F1AF5D0A53}.Release|Any CPU.ActiveCfg = Release|Any CPU
		{156638E3-ECFB-4A66-A546-F6F1AF5D0A53}.Release|Any CPU.Build.0 = Release|Any CPU
		{216888D1-C1A2-48F7-B5F8-0E182DF22546}.Debug|Any CPU.ActiveCfg = Debug|Any CPU
		{216888D1-C1A2-48F7-B5F8-0E182DF22546}.Debug|Any CPU.Build.0 = Debug|Any CPU
		{216888D1-C1A2-48F7-B5F8-0E182DF22546}.Release|Any CPU.ActiveCfg = Release|Any CPU
		{216888D1-C1A2-48F7-B5F8-0E182DF22546}.Release|Any CPU.Build.0 = Release|Any CPU
	EndGlobalSection
	GlobalSection(SolutionProperties) = preSolution
		HideSolutionNode = FALSE
	EndGlobalSection
	GlobalSection(ExtensibilityGlobals) = postSolution
		SolutionGuid = {31606623-FCA8-480A-B7D2-0AFCC79A96F4}
	EndGlobalSection
EndGlobal
